// !$*UTF8*$!
{
	archiveVersion = 1;
	classes = {
	};
	objectVersion = 50;
	objects = {

/* Begin PBXBuildFile section */
		57393CBB21037AD6009293A3 /* ViewController+CoreData.swift in Sources */ = {isa = PBXBuildFile; fileRef = 57393CBA21037AD6009293A3 /* ViewController+CoreData.swift */; };
		57393CBD21037F76009293A3 /* Games2TableViewController.swift in Sources */ = {isa = PBXBuildFile; fileRef = 57393CBC21037F76009293A3 /* Games2TableViewController.swift */; };
		57393CBF210380B4009293A3 /* ConsolesTableViewController.swift in Sources */ = {isa = PBXBuildFile; fileRef = 57393CBE210380B4009293A3 /* ConsolesTableViewController.swift */; };
		57393CC1210380C9009293A3 /* GameViewController.swift in Sources */ = {isa = PBXBuildFile; fileRef = 57393CC0210380C9009293A3 /* GameViewController.swift */; };
		57393CC3210380DB009293A3 /* AddEditViewController.swift in Sources */ = {isa = PBXBuildFile; fileRef = 57393CC2210380DB009293A3 /* AddEditViewController.swift */; };
		575703BE2103712D001C117A /* GameTableViewCell.swift in Sources */ = {isa = PBXBuildFile; fileRef = 575703BD2103712D001C117A /* GameTableViewCell.swift */; };
		57D25337210297D50053F8E9 /* AppDelegate.swift in Sources */ = {isa = PBXBuildFile; fileRef = 57D25336210297D50053F8E9 /* AppDelegate.swift */; };
		57D25339210297D50053F8E9 /* ViewController.swift in Sources */ = {isa = PBXBuildFile; fileRef = 57D25338210297D50053F8E9 /* ViewController.swift */; };
		57D2533C210297D50053F8E9 /* Main.storyboard in Resources */ = {isa = PBXBuildFile; fileRef = 57D2533A210297D50053F8E9 /* Main.storyboard */; };
		57D2533F210297D50053F8E9 /* MyGames.xcdatamodeld in Sources */ = {isa = PBXBuildFile; fileRef = 57D2533D210297D50053F8E9 /* MyGames.xcdatamodeld */; };
		57D25344210297D80053F8E9 /* LaunchScreen.storyboard in Resources */ = {isa = PBXBuildFile; fileRef = 57D25342210297D80053F8E9 /* LaunchScreen.storyboard */; };
		57D2534C2102B4470053F8E9 /* Media.xcassets in Resources */ = {isa = PBXBuildFile; fileRef = 57D2534B2102B4470053F8E9 /* Media.xcassets */; };
/* End PBXBuildFile section */

/* Begin PBXFileReference section */
		57393CBA21037AD6009293A3 /* ViewController+CoreData.swift */ = {isa = PBXFileReference; lastKnownFileType = sourcecode.swift; path = "ViewController+CoreData.swift"; sourceTree = "<group>"; };
		57393CBC21037F76009293A3 /* Games2TableViewController.swift */ = {isa = PBXFileReference; lastKnownFileType = sourcecode.swift; path = Games2TableViewController.swift; sourceTree = "<group>"; };
		57393CBE210380B4009293A3 /* ConsolesTableViewController.swift */ = {isa = PBXFileReference; lastKnownFileType = sourcecode.swift; path = ConsolesTableViewController.swift; sourceTree = "<group>"; };
		57393CC0210380C9009293A3 /* GameViewController.swift */ = {isa = PBXFileReference; lastKnownFileType = sourcecode.swift; path = GameViewController.swift; sourceTree = "<group>"; };
		57393CC2210380DB009293A3 /* AddEditViewController.swift */ = {isa = PBXFileReference; lastKnownFileType = sourcecode.swift; path = AddEditViewController.swift; sourceTree = "<group>"; };
		575703BD2103712D001C117A /* GameTableViewCell.swift */ = {isa = PBXFileReference; lastKnownFileType = sourcecode.swift; path = GameTableViewCell.swift; sourceTree = "<group>"; };
		57D25333210297D50053F8E9 /* MyGames.app */ = {isa = PBXFileReference; explicitFileType = wrapper.application; includeInIndex = 0; path = MyGames.app; sourceTree = BUILT_PRODUCTS_DIR; };
		57D25336210297D50053F8E9 /* AppDelegate.swift */ = {isa = PBXFileReference; lastKnownFileType = sourcecode.swift; path = AppDelegate.swift; sourceTree = "<group>"; };
		57D25338210297D50053F8E9 /* ViewController.swift */ = {isa = PBXFileReference; lastKnownFileType = sourcecode.swift; path = ViewController.swift; sourceTree = "<group>"; };
		57D2533B210297D50053F8E9 /* Base */ = {isa = PBXFileReference; lastKnownFileType = file.storyboard; name = Base; path = Base.lproj/Main.storyboard; sourceTree = "<group>"; };
		57D2533E210297D50053F8E9 /* MyGames.xcdatamodel */ = {isa = PBXFileReference; lastKnownFileType = wrapper.xcdatamodel; path = MyGames.xcdatamodel; sourceTree = "<group>"; };
		57D25343210297D80053F8E9 /* Base */ = {isa = PBXFileReference; lastKnownFileType = file.storyboard; name = Base; path = Base.lproj/LaunchScreen.storyboard; sourceTree = "<group>"; };
		57D25345210297D80053F8E9 /* Info.plist */ = {isa = PBXFileReference; lastKnownFileType = text.plist.xml; path = Info.plist; sourceTree = "<group>"; };
		57D2534B2102B4470053F8E9 /* Media.xcassets */ = {isa = PBXFileReference; lastKnownFileType = folder.assetcatalog; path = Media.xcassets; sourceTree = "<group>"; };
/* End PBXFileReference section */

/* Begin PBXFrameworksBuildPhase section */
		57D25330210297D50053F8E9 /* Frameworks */ = {
			isa = PBXFrameworksBuildPhase;
			buildActionMask = 2147483647;
			files = (
			);
			runOnlyForDeploymentPostprocessing = 0;
		};
/* End PBXFrameworksBuildPhase section */

/* Begin PBXGroup section */
		575703B321036D92001C117A /* Controllers */ = {
			isa = PBXGroup;
			children = (
				57393CBA21037AD6009293A3 /* ViewController+CoreData.swift */,
				57393CBC21037F76009293A3 /* Games2TableViewController.swift */,
				57393CBE210380B4009293A3 /* ConsolesTableViewController.swift */,
				57393CC0210380C9009293A3 /* GameViewController.swift */,
				57393CC2210380DB009293A3 /* AddEditViewController.swift */,
			);
			path = Controllers;
			sourceTree = "<group>";
		};
		575703BC21037105001C117A /* Cells */ = {
			isa = PBXGroup;
			children = (
				575703BD2103712D001C117A /* GameTableViewCell.swift */,
			);
			path = Cells;
			sourceTree = "<group>";
		};
		57D2532A210297D50053F8E9 = {
			isa = PBXGroup;
			children = (
				57D25335210297D50053F8E9 /* MyGames */,
				57D25334210297D50053F8E9 /* Products */,
			);
			sourceTree = "<group>";
		};
		57D25334210297D50053F8E9 /* Products */ = {
			isa = PBXGroup;
			children = (
				57D25333210297D50053F8E9 /* MyGames.app */,
			);
			name = Products;
			sourceTree = "<group>";
		};
		57D25335210297D50053F8E9 /* MyGames */ = {
			isa = PBXGroup;
			children = (
				575703BC21037105001C117A /* Cells */,
				575703B321036D92001C117A /* Controllers */,
				57D25336210297D50053F8E9 /* AppDelegate.swift */,
				57D25338210297D50053F8E9 /* ViewController.swift */,
				57D2533A210297D50053F8E9 /* Main.storyboard */,
				57D25342210297D80053F8E9 /* LaunchScreen.storyboard */,
				57D25345210297D80053F8E9 /* Info.plist */,
				57D2533D210297D50053F8E9 /* MyGames.xcdatamodeld */,
				57D2534B2102B4470053F8E9 /* Media.xcassets */,
			);
			path = MyGames;
			sourceTree = "<group>";
		};
/* End PBXGroup section */

/* Begin PBXNativeTarget section */
		57D25332210297D50053F8E9 /* MyGames */ = {
			isa = PBXNativeTarget;
			buildConfigurationList = 57D25348210297D80053F8E9 /* Build configuration list for PBXNativeTarget "MyGames" */;
			buildPhases = (
				57D2532F210297D50053F8E9 /* Sources */,
				57D25330210297D50053F8E9 /* Frameworks */,
				57D25331210297D50053F8E9 /* Resources */,
			);
			buildRules = (
			);
			dependencies = (
			);
			name = MyGames;
			productName = MyGames;
			productReference = 57D25333210297D50053F8E9 /* MyGames.app */;
			productType = "com.apple.product-type.application";
		};
/* End PBXNativeTarget section */

/* Begin PBXProject section */
		57D2532B210297D50053F8E9 /* Project object */ = {
			isa = PBXProject;
			attributes = {
				LastSwiftUpdateCheck = 0930;
				LastUpgradeCheck = 0930;
				ORGANIZATIONNAME = Student;
				TargetAttributes = {
					57D25332210297D50053F8E9 = {
						CreatedOnToolsVersion = 9.3;
					};
				};
			};
			buildConfigurationList = 57D2532E210297D50053F8E9 /* Build configuration list for PBXProject "MyGames" */;
			compatibilityVersion = "Xcode 9.3";
			developmentRegion = en;
			hasScannedForEncodings = 0;
			knownRegions = (
				en,
				Base,
			);
			mainGroup = 57D2532A210297D50053F8E9;
			productRefGroup = 57D25334210297D50053F8E9 /* Products */;
			projectDirPath = "";
			projectRoot = "";
			targets = (
				57D25332210297D50053F8E9 /* MyGames */,
			);
		};
/* End PBXProject section */

/* Begin PBXResourcesBuildPhase section */
		57D25331210297D50053F8E9 /* Resources */ = {
			isa = PBXResourcesBuildPhase;
			buildActionMask = 2147483647;
			files = (
				57D25344210297D80053F8E9 /* LaunchScreen.storyboard in Resources */,
				57D2534C2102B4470053F8E9 /* Media.xcassets in Resources */,
				57D2533C210297D50053F8E9 /* Main.storyboard in Resources */,
			);
			runOnlyForDeploymentPostprocessing = 0;
		};
/* End PBXResourcesBuildPhase section */

/* Begin PBXSourcesBuildPhase section */
		57D2532F210297D50053F8E9 /* Sources */ = {
			isa = PBXSourcesBuildPhase;
			buildActionMask = 2147483647;
			files = (
				57393CBF210380B4009293A3 /* ConsolesTableViewController.swift in Sources */,
				57D25339210297D50053F8E9 /* ViewController.swift in Sources */,
				57393CC3210380DB009293A3 /* AddEditViewController.swift in Sources */,
				57393CBD21037F76009293A3 /* Games2TableViewController.swift in Sources */,
				57D25337210297D50053F8E9 /* AppDelegate.swift in Sources */,
				57393CC1210380C9009293A3 /* GameViewController.swift in Sources */,
				57D2533F210297D50053F8E9 /* MyGames.xcdatamodeld in Sources */,
				57393CBB21037AD6009293A3 /* ViewController+CoreData.swift in Sources */,
				575703BE2103712D001C117A /* GameTableViewCell.swift in Sources */,
			);
			runOnlyForDeploymentPostprocessing = 0;
		};
/* End PBXSourcesBuildPhase section */

/* Begin PBXVariantGroup section */
		57D2533A210297D50053F8E9 /* Main.storyboard */ = {
			isa = PBXVariantGroup;
			children = (
				57D2533B210297D50053F8E9 /* Base */,
			);
			name = Main.storyboard;
			sourceTree = "<group>";
		};
		57D25342210297D80053F8E9 /* LaunchScreen.storyboard */ = {
			isa = PBXVariantGroup;
			children = (
				57D25343210297D80053F8E9 /* Base */,
			);
			name = LaunchScreen.storyboard;
			sourceTree = "<group>";
		};
/* End PBXVariantGroup section */

/* Begin XCBuildConfiguration section */
		57D25346210297D80053F8E9 /* Debug */ = {
			isa = XCBuildConfiguration;
			buildSettings = {
				ALWAYS_SEARCH_USER_PATHS = NO;
				CLANG_ANALYZER_NONNULL = YES;
				CLANG_ANALYZER_NUMBER_OBJECT_CONVERSION = YES_AGGRESSIVE;
				CLANG_CXX_LANGUAGE_STANDARD = "gnu++14";
				CLANG_CXX_LIBRARY = "libc++";
				CLANG_ENABLE_MODULES = YES;
				CLANG_ENABLE_OBJC_ARC = YES;
				CLANG_ENABLE_OBJC_WEAK = YES;
				CLANG_WARN_BLOCK_CAPTURE_AUTORELEASING = YES;
				CLANG_WARN_BOOL_CONVERSION = YES;
				CLANG_WARN_COMMA = YES;
				CLANG_WARN_CONSTANT_CONVERSION = YES;
				CLANG_WARN_DEPRECATED_OBJC_IMPLEMENTATIONS = YES;
				CLANG_WARN_DIRECT_OBJC_ISA_USAGE = YES_ERROR;
				CLANG_WARN_DOCUMENTATION_COMMENTS = YES;
				CLANG_WARN_EMPTY_BODY = YES;
				CLANG_WARN_ENUM_CONVERSION = YES;
				CLANG_WARN_INFINITE_RECURSION = YES;
				CLANG_WARN_INT_CONVERSION = YES;
				CLANG_WARN_NON_LITERAL_NULL_CONVERSION = YES;
				CLANG_WARN_OBJC_IMPLICIT_RETAIN_SELF = YES;
				CLANG_WARN_OBJC_LITERAL_CONVERSION = YES;
				CLANG_WARN_OBJC_ROOT_CLASS = YES_ERROR;
				CLANG_WARN_RANGE_LOOP_ANALYSIS = YES;
				CLANG_WARN_STRICT_PROTOTYPES = YES;
				CLANG_WARN_SUSPICIOUS_MOVE = YES;
				CLANG_WARN_UNGUARDED_AVAILABILITY = YES_AGGRESSIVE;
				CLANG_WARN_UNREACHABLE_CODE = YES;
				CLANG_WARN__DUPLICATE_METHOD_MATCH = YES;
				CODE_SIGN_IDENTITY = "iPhone Developer";
				COPY_PHASE_STRIP = NO;
				DEBUG_INFORMATION_FORMAT = dwarf;
				ENABLE_STRICT_OBJC_MSGSEND = YES;
				ENABLE_TESTABILITY = YES;
				GCC_C_LANGUAGE_STANDARD = gnu11;
				GCC_DYNAMIC_NO_PIC = NO;
				GCC_NO_COMMON_BLOCKS = YES;
				GCC_OPTIMIZATION_LEVEL = 0;
				GCC_PREPROCESSOR_DEFINITIONS = (
					"DEBUG=1",
					"$(inherited)",
				);
				GCC_WARN_64_TO_32_BIT_CONVERSION = YES;
				GCC_WARN_ABOUT_RETURN_TYPE = YES_ERROR;
				GCC_WARN_UNDECLARED_SELECTOR = YES;
				GCC_WARN_UNINITIALIZED_AUTOS = YES_AGGRESSIVE;
				GCC_WARN_UNUSED_FUNCTION = YES;
				GCC_WARN_UNUSED_VARIABLE = YES;
				IPHONEOS_DEPLOYMENT_TARGET = 11.3;
				MTL_ENABLE_DEBUG_INFO = YES;
				ONLY_ACTIVE_ARCH = YES;
				SDKROOT = iphoneos;
				SWIFT_ACTIVE_COMPILATION_CONDITIONS = DEBUG;
				SWIFT_OPTIMIZATION_LEVEL = "-Onone";
			};
			name = Debug;
		};
		57D25347210297D80053F8E9 /* Release */ = {
			isa = XCBuildConfiguration;
			buildSettings = {
				ALWAYS_SEARCH_USER_PATHS = NO;
				CLANG_ANALYZER_NONNULL = YES;
				CLANG_ANALYZER_NUMBER_OBJECT_CONVERSION = YES_AGGRESSIVE;
				CLANG_CXX_LANGUAGE_STANDARD = "gnu++14";
				CLANG_CXX_LIBRARY = "libc++";
				CLANG_ENABLE_MODULES = YES;
				CLANG_ENABLE_OBJC_ARC = YES;
				CLANG_ENABLE_OBJC_WEAK = YES;
				CLANG_WARN_BLOCK_CAPTURE_AUTORELEASING = YES;
				CLANG_WARN_BOOL_CONVERSION = YES;
				CLANG_WARN_COMMA = YES;
				CLANG_WARN_CONSTANT_CONVERSION = YES;
				CLANG_WARN_DEPRECATED_OBJC_IMPLEMENTATIONS = YES;
				CLANG_WARN_DIRECT_OBJC_ISA_USAGE = YES_ERROR;
				CLANG_WARN_DOCUMENTATION_COMMENTS = YES;
				CLANG_WARN_EMPTY_BODY = YES;
				CLANG_WARN_ENUM_CONVERSION = YES;
				CLANG_WARN_INFINITE_RECURSION = YES;
				CLANG_WARN_INT_CONVERSION = YES;
				CLANG_WARN_NON_LITERAL_NULL_CONVERSION = YES;
				CLANG_WARN_OBJC_IMPLICIT_RETAIN_SELF = YES;
				CLANG_WARN_OBJC_LITERAL_CONVERSION = YES;
				CLANG_WARN_OBJC_ROOT_CLASS = YES_ERROR;
				CLANG_WARN_RANGE_LOOP_ANALYSIS = YES;
				CLANG_WARN_STRICT_PROTOTYPES = YES;
				CLANG_WARN_SUSPICIOUS_MOVE = YES;
				CLANG_WARN_UNGUARDED_AVAILABILITY = YES_AGGRESSIVE;
				CLANG_WARN_UNREACHABLE_CODE = YES;
				CLANG_WARN__DUPLICATE_METHOD_MATCH = YES;
				CODE_SIGN_IDENTITY = "iPhone Developer";
				COPY_PHASE_STRIP = NO;
				DEBUG_INFORMATION_FORMAT = "dwarf-with-dsym";
				ENABLE_NS_ASSERTIONS = NO;
				ENABLE_STRICT_OBJC_MSGSEND = YES;
				GCC_C_LANGUAGE_STANDARD = gnu11;
				GCC_NO_COMMON_BLOCKS = YES;
				GCC_WARN_64_TO_32_BIT_CONVERSION = YES;
				GCC_WARN_ABOUT_RETURN_TYPE = YES_ERROR;
				GCC_WARN_UNDECLARED_SELECTOR = YES;
				GCC_WARN_UNINITIALIZED_AUTOS = YES_AGGRESSIVE;
				GCC_WARN_UNUSED_FUNCTION = YES;
				GCC_WARN_UNUSED_VARIABLE = YES;
				IPHONEOS_DEPLOYMENT_TARGET = 11.3;
				MTL_ENABLE_DEBUG_INFO = NO;
				SDKROOT = iphoneos;
				SWIFT_COMPILATION_MODE = wholemodule;
				SWIFT_OPTIMIZATION_LEVEL = "-O";
				VALIDATE_PRODUCT = YES;
			};
			name = Release;
		};
		57D25349210297D80053F8E9 /* Debug */ = {
			isa = XCBuildConfiguration;
			buildSettings = {
				CODE_SIGN_STYLE = Automatic;
				INFOPLIST_FILE = MyGames/Info.plist;
				LD_RUNPATH_SEARCH_PATHS = (
					"$(inherited)",
					"@executable_path/Frameworks",
				);
				PRODUCT_BUNDLE_IDENTIFIER = br.com.gamesbioca.MyGames;
				PRODUCT_NAME = "$(TARGET_NAME)";
				SWIFT_VERSION = 4.0;
				TARGETED_DEVICE_FAMILY = "1,2";
			};
			name = Debug;
		};
		57D2534A210297D80053F8E9 /* Release */ = {
			isa = XCBuildConfiguration;
			buildSettings = {
				CODE_SIGN_STYLE = Automatic;
				INFOPLIST_FILE = MyGames/Info.plist;
				LD_RUNPATH_SEARCH_PATHS = (
					"$(inherited)",
					"@executable_path/Frameworks",
				);
				PRODUCT_BUNDLE_IDENTIFIER = br.com.gamesbioca.MyGames;
				PRODUCT_NAME = "$(TARGET_NAME)";
				SWIFT_VERSION = 4.0;
				TARGETED_DEVICE_FAMILY = "1,2";
			};
			name = Release;
		};
/* End XCBuildConfiguration section */

/* Begin XCConfigurationList section */
		57D2532E210297D50053F8E9 /* Build configuration list for PBXProject "MyGames" */ = {
			isa = XCConfigurationList;
			buildConfigurations = (
				57D25346210297D80053F8E9 /* Debug */,
				57D25347210297D80053F8E9 /* Release */,
			);
			defaultConfigurationIsVisible = 0;
			defaultConfigurationName = Release;
		};
		57D25348210297D80053F8E9 /* Build configuration list for PBXNativeTarget "MyGames" */ = {
			isa = XCConfigurationList;
			buildConfigurations = (
				57D25349210297D80053F8E9 /* Debug */,
				57D2534A210297D80053F8E9 /* Release */,
			);
			defaultConfigurationIsVisible = 0;
			defaultConfigurationName = Release;
		};
/* End XCConfigurationList section */

/* Begin XCVersionGroup section */
		57D2533D210297D50053F8E9 /* MyGames.xcdatamodeld */ = {
			isa = XCVersionGroup;
			children = (
				57D2533E210297D50053F8E9 /* MyGames.xcdatamodel */,
			);
			currentVersion = 57D2533E210297D50053F8E9 /* MyGames.xcdatamodel */;
			path = MyGames.xcdatamodeld;
			sourceTree = "<group>";
			versionGroupType = wrapper.xcdatamodel;
		};
/* End XCVersionGroup section */
	};
	rootObject = 57D2532B210297D50053F8E9 /* Project object */;
}
